
Microsoft Visual Studio Solution File, Format Version 12.00
# Visual Studio 15
VisualStudioVersion = 15.0.26730.10
MinimumVisualStudioVersion = 10.0.40219.1
Project("{FAE04EC0-301F-11D3-BF4B-00C04F79EFBC}") = "Thinktecture.Relay.Server", "Thinktecture.Relay.Server\Thinktecture.Relay.Server.csproj", "{41EECED0-E7C6-4C7C-8B7D-9B6A33DA0150}"
	ProjectSection(ProjectDependencies) = postProject
		{F3B433B1-6C7B-4CB2-8ABE-9753DEA477C3} = {F3B433B1-6C7B-4CB2-8ABE-9753DEA477C3}
	EndProjectSection
EndProject
Project("{2150E333-8FDC-42A3-9474-1A3956D46DE8}") = "Tests", "Tests", "{C7730B28-D0F7-49ED-B8F2-32114D3ABD0F}"
EndProject
Project("{FAE04EC0-301F-11D3-BF4B-00C04F79EFBC}") = "Thinktecture.Relay.Server.Test", "Thinktecture.Relay.Server.Test\Thinktecture.Relay.Server.Test.csproj", "{FC928931-8741-48E1-9061-343CF009C903}"
EndProject
Project("{FAE04EC0-301F-11D3-BF4B-00C04F79EFBC}") = "Thinktecture.Relay.OnPremiseConnector", "Thinktecture.Relay.OnPremiseConnector\Thinktecture.Relay.OnPremiseConnector.csproj", "{63D02790-C22D-479B-BC30-1A45F2B832E8}"
EndProject
Project("{FAE04EC0-301F-11D3-BF4B-00C04F79EFBC}") = "Thinktecture.Relay.OnPremiseConnectorService", "Thinktecture.Relay.OnPremiseConnectorService\Thinktecture.Relay.OnPremiseConnectorService.csproj", "{FEDA9154-6CF6-4D24-B3BD-731EE0C646F4}"
EndProject
Project("{2150E333-8FDC-42A3-9474-1A3956D46DE8}") = ".nuget", ".nuget", "{7286C586-743A-443C-BF95-5394EE8E49F4}"
	ProjectSection(SolutionItems) = preProject
		.nuget\packages.config = .nuget\packages.config
	EndProjectSection
EndProject
Project("{2150E333-8FDC-42A3-9474-1A3956D46DE8}") = "Docs", "Docs", "{5E5C3493-0D98-4B1D-A50B-1E760782DE2D}"
	ProjectSection(SolutionItems) = preProject
		README.md = README.md
	EndProjectSection
EndProject
Project("{2150E333-8FDC-42A3-9474-1A3956D46DE8}") = "Documentation", "Documentation", "{0961D429-E302-46AC-BB14-198240900C5A}"
EndProject
Project("{2150E333-8FDC-42A3-9474-1A3956D46DE8}") = "de", "de", "{C930A0EE-45E1-4815-93BF-65B1F87DC9E0}"
	ProjectSection(SolutionItems) = preProject
		Documentation\de\1-was-ist-der-thinktecture-relayserver.md = Documentation\de\1-was-ist-der-thinktecture-relayserver.md
		Documentation\de\2-architektur.md = Documentation\de\2-architektur.md
		Documentation\de\3-installation.md = Documentation\de\3-installation.md
		Documentation\de\4-relayserver-management-web.md = Documentation\de\4-relayserver-management-web.md
		Documentation\de\5-relayserver-plugin-entwicklung.md = Documentation\de\5-relayserver-plugin-entwicklung.md
		Documentation\de\6-entwicklungssetup.md = Documentation\de\6-entwicklungssetup.md
		Documentation\de\relayserver.md = Documentation\de\relayserver.md
	EndProjectSection
EndProject
Project("{2150E333-8FDC-42A3-9474-1A3956D46DE8}") = "misc", "misc", "{FFFB495D-B5B3-49C6-B30D-7F24F0FB06BB}"
	ProjectSection(SolutionItems) = preProject
		.editorconfig = .editorconfig
	EndProjectSection
EndProject
Project("{FAE04EC0-301F-11D3-BF4B-00C04F79EFBC}") = "Thinktecture.Relay.PluginDemos", "Thinktecture.Relay.PluginDemos\Thinktecture.Relay.PluginDemos.csproj", "{F3B433B1-6C7B-4CB2-8ABE-9753DEA477C3}"
EndProject
Project("{FAE04EC0-301F-11D3-BF4B-00C04F79EFBC}") = "Thinktecture.Relay", "Thinktecture.Relay\Thinktecture.Relay.csproj", "{E34D846B-3B1E-4A97-A06F-F5502349F4F1}"
EndProject
Global
	GlobalSection(SolutionConfigurationPlatforms) = preSolution
		Debug|Any CPU = Debug|Any CPU
		Release|Any CPU = Release|Any CPU
	EndGlobalSection
	GlobalSection(ProjectConfigurationPlatforms) = postSolution
		{41EECED0-E7C6-4C7C-8B7D-9B6A33DA0150}.Debug|Any CPU.ActiveCfg = Debug|Any CPU
		{41EECED0-E7C6-4C7C-8B7D-9B6A33DA0150}.Debug|Any CPU.Build.0 = Debug|Any CPU
		{41EECED0-E7C6-4C7C-8B7D-9B6A33DA0150}.Release|Any CPU.ActiveCfg = Release|Any CPU
		{41EECED0-E7C6-4C7C-8B7D-9B6A33DA0150}.Release|Any CPU.Build.0 = Release|Any CPU
		{FC928931-8741-48E1-9061-343CF009C903}.Debug|Any CPU.ActiveCfg = Debug|Any CPU
		{FC928931-8741-48E1-9061-343CF009C903}.Debug|Any CPU.Build.0 = Debug|Any CPU
		{FC928931-8741-48E1-9061-343CF009C903}.Release|Any CPU.ActiveCfg = Release|Any CPU
		{FC928931-8741-48E1-9061-343CF009C903}.Release|Any CPU.Build.0 = Release|Any CPU
		{63D02790-C22D-479B-BC30-1A45F2B832E8}.Debug|Any CPU.ActiveCfg = Debug|Any CPU
		{63D02790-C22D-479B-BC30-1A45F2B832E8}.Debug|Any CPU.Build.0 = Debug|Any CPU
		{63D02790-C22D-479B-BC30-1A45F2B832E8}.Release|Any CPU.ActiveCfg = Release|Any CPU
		{63D02790-C22D-479B-BC30-1A45F2B832E8}.Release|Any CPU.Build.0 = Release|Any CPU
		{FEDA9154-6CF6-4D24-B3BD-731EE0C646F4}.Debug|Any CPU.ActiveCfg = Debug|Any CPU
		{FEDA9154-6CF6-4D24-B3BD-731EE0C646F4}.Debug|Any CPU.Build.0 = Debug|Any CPU
		{FEDA9154-6CF6-4D24-B3BD-731EE0C646F4}.Release|Any CPU.ActiveCfg = Release|Any CPU
		{FEDA9154-6CF6-4D24-B3BD-731EE0C646F4}.Release|Any CPU.Build.0 = Release|Any CPU
		{F3B433B1-6C7B-4CB2-8ABE-9753DEA477C3}.Debug|Any CPU.ActiveCfg = Debug|Any CPU
		{F3B433B1-6C7B-4CB2-8ABE-9753DEA477C3}.Debug|Any CPU.Build.0 = Debug|Any CPU
		{F3B433B1-6C7B-4CB2-8ABE-9753DEA477C3}.Release|Any CPU.ActiveCfg = Release|Any CPU
		{F3B433B1-6C7B-4CB2-8ABE-9753DEA477C3}.Release|Any CPU.Build.0 = Release|Any CPU
		{E34D846B-3B1E-4A97-A06F-F5502349F4F1}.Debug|Any CPU.ActiveCfg = Debug|Any CPU
		{E34D846B-3B1E-4A97-A06F-F5502349F4F1}.Debug|Any CPU.Build.0 = Debug|Any CPU
		{E34D846B-3B1E-4A97-A06F-F5502349F4F1}.Release|Any CPU.ActiveCfg = Release|Any CPU
		{E34D846B-3B1E-4A97-A06F-F5502349F4F1}.Release|Any CPU.Build.0 = Release|Any CPU
	EndGlobalSection
	GlobalSection(SolutionProperties) = preSolution
		HideSolutionNode = FALSE
	EndGlobalSection
	GlobalSection(NestedProjects) = preSolution
		{FC928931-8741-48E1-9061-343CF009C903} = {C7730B28-D0F7-49ED-B8F2-32114D3ABD0F}
		{0961D429-E302-46AC-BB14-198240900C5A} = {5E5C3493-0D98-4B1D-A50B-1E760782DE2D}
		{C930A0EE-45E1-4815-93BF-65B1F87DC9E0} = {0961D429-E302-46AC-BB14-198240900C5A}
	EndGlobalSection
	GlobalSection(ExtensibilityGlobals) = postSolution
		SolutionGuid = {2E1834A6-24E4-4305-B777-6C2E875789DA}
	EndGlobalSection
EndGlobal
