Microsoft Visual Studio Solution File, Format Version 12.00
# Visual Studio Version 16
VisualStudioVersion = 16.0.30001.183
MinimumVisualStudioVersion = 10.0.40219.1
Project("{9A19103F-16F7-4668-BE54-9A1E7A4F7556}") = "Thinktecture.Relay.Abstractions", "Thinktecture.Relay.Abstractions\Thinktecture.Relay.Abstractions.csproj", "{902E6C52-D5D0-4F66-95AC-84CA7DC5B80E}"
EndProject
Project("{2150E333-8FDC-42A3-9474-1A3956D46DE8}") = "shared", "shared", "{5D35FB5F-DDE6-4BBB-AEF3-CA2E87596F26}"
	ProjectSection(SolutionItems) = preProject
		shared\Logo_T_Nontransparent.png = shared\Logo_T_Nontransparent.png
		shared\ProjectProperties.shared.props = shared\ProjectProperties.shared.props
	EndProjectSection
EndProject
Project("{2150E333-8FDC-42A3-9474-1A3956D46DE8}") = "root", "root", "{804D3383-EA22-4F44-B60F-E82D36FCF5F7}"
	ProjectSection(SolutionItems) = preProject
		..\CONTRIBUTING.md = ..\CONTRIBUTING.md
		..\global.json = ..\global.json
		..\LICENSE = ..\LICENSE
		..\README.md = ..\README.md
	EndProjectSection
EndProject
Project("{9A19103F-16F7-4668-BE54-9A1E7A4F7556}") = "Thinktecture.Relay.Server.Abstractions", "Thinktecture.Relay.Server.Abstractions\Thinktecture.Relay.Server.Abstractions.csproj", "{F76D6870-8364-4EE7-B6B1-953B7D07C63B}"
EndProject
Project("{9A19103F-16F7-4668-BE54-9A1E7A4F7556}") = "Thinktecture.Relay.Connector.Abstractions", "Thinktecture.Relay.Connector.Abstractions\Thinktecture.Relay.Connector.Abstractions.csproj", "{29415635-781F-416B-BEE7-C1444E7D28AC}"
EndProject
Project("{2150E333-8FDC-42A3-9474-1A3956D46DE8}") = "docs", "docs", "{EEE512D2-CB20-484F-8314-16300733942F}"
	ProjectSection(SolutionItems) = preProject
		..\docs\glossary.md = ..\docs\glossary.md
	EndProjectSection
EndProject
Project("{2150E333-8FDC-42A3-9474-1A3956D46DE8}") = "assets", "assets", "{AD756171-B728-4FD3-9BC6-20C2E32141C6}"
	ProjectSection(SolutionItems) = preProject
		..\docs\assets\en-architecture-overview.png = ..\docs\assets\en-architecture-overview.png
		..\docs\assets\logo_sponsor_abraxas.png = ..\docs\assets\logo_sponsor_abraxas.png
		..\docs\assets\logo_sponsor_cmi.svg = ..\docs\assets\logo_sponsor_cmi.svg
		..\docs\assets\logo_sponsor_kwp.svg = ..\docs\assets\logo_sponsor_kwp.svg
	EndProjectSection
EndProject
Project("{9A19103F-16F7-4668-BE54-9A1E7A4F7556}") = "Thinktecture.Relay.Server.Persistence.EntityFrameworkCore", "Thinktecture.Relay.Server.Persistence.EntityFrameworkCore\Thinktecture.Relay.Server.Persistence.EntityFrameworkCore.csproj", "{0E17E737-E4B5-4198-A784-D543187F15D0}"
EndProject
Project("{2150E333-8FDC-42A3-9474-1A3956D46DE8}") = "tools", "tools", "{AAA28426-F20E-4797-9B0E-F8AA4EF1A7FC}"
EndProject
Project("{9A19103F-16F7-4668-BE54-9A1E7A4F7556}") = "Thinktecture.Relay.Server.Persistence.EntityFrameworkCore.MigrationCreation.SqlServer", "tools\Thinktecture.Relay.Server.Persistence.EntityFrameworkCore.MigrationCreation.SqlServer\Thinktecture.Relay.Server.Persistence.EntityFrameworkCore.MigrationCreation.SqlServer.csproj", "{0E3FCC70-66BC-43DE-A498-A04085F1BF0C}"
EndProject
Project("{9A19103F-16F7-4668-BE54-9A1E7A4F7556}") = "Thinktecture.Relay.Server.Persistence.EntityFrameworkCore.MigrationCreation.PostgreSql", "tools\Thinktecture.Relay.Server.Persistence.EntityFrameworkCore.MigrationCreation.PostgreSql\Thinktecture.Relay.Server.Persistence.EntityFrameworkCore.MigrationCreation.PostgreSql.csproj", "{329E6E2B-FEB6-4FA9-A893-0435300A122D}"
EndProject
Project("{9A19103F-16F7-4668-BE54-9A1E7A4F7556}") = "Thinktecture.Relay.Server.Persistence.EntityFrameworkCore.PostgreSql", "Thinktecture.Relay.Server.Persistence.EntityFrameworkCore.PostgreSql\Thinktecture.Relay.Server.Persistence.EntityFrameworkCore.PostgreSql.csproj", "{734C4AFA-41C3-49AE-A39F-51DD5FAAF462}"
EndProject
Project("{9A19103F-16F7-4668-BE54-9A1E7A4F7556}") = "Thinktecture.Relay.Server.Persistence.EntityFrameworkCore.SqlServer", "Thinktecture.Relay.Server.Persistence.EntityFrameworkCore.SqlServer\Thinktecture.Relay.Server.Persistence.EntityFrameworkCore.SqlServer.csproj", "{BCABE418-3B8E-47C0-BD63-41DD24B80FB3}"
EndProject
Project("{2150E333-8FDC-42A3-9474-1A3956D46DE8}") = "hosts", "hosts", "{696BE582-5142-4E0E-970D-CC8508735F9B}"
EndProject
Project("{9A19103F-16F7-4668-BE54-9A1E7A4F7556}") = "Thinktecture.Relay.Server.Docker", "hosts\Thinktecture.Relay.Server.Docker\Thinktecture.Relay.Server.Docker.csproj", "{9B0F24AC-A664-40D0-AD7E-10856304DF19}"
EndProject
Project("{9A19103F-16F7-4668-BE54-9A1E7A4F7556}") = "Thinktecture.Relay.IdentityServer.Docker", "hosts\Thinktecture.Relay.IdentityServer.Docker\Thinktecture.Relay.IdentityServer.Docker.csproj", "{71AE7E2B-F26A-4200-985D-F669BB3292B7}"
EndProject
Project("{9A19103F-16F7-4668-BE54-9A1E7A4F7556}") = "Thinktecture.Relay.IdentityServer", "Thinktecture.Relay.IdentityServer\Thinktecture.Relay.IdentityServer.csproj", "{BBA20B5D-7319-453E-918E-46BBAA6E0E06}"
EndProject
Project("{9A19103F-16F7-4668-BE54-9A1E7A4F7556}") = "Thinktecture.Relay.ManagementApi.Docker", "hosts\Thinktecture.Relay.ManagementApi.Docker\Thinktecture.Relay.ManagementApi.Docker.csproj", "{BF97B995-7AFF-40B4-B521-D873A37CD244}"
EndProject
Project("{9A19103F-16F7-4668-BE54-9A1E7A4F7556}") = "Thinktecture.Relay.StatisticsApi.Docker", "hosts\Thinktecture.Relay.StatisticsApi.Docker\Thinktecture.Relay.StatisticsApi.Docker.csproj", "{5298E545-1D83-4F9B-845B-81B57D488828}"
EndProject
Global
	GlobalSection(SolutionConfigurationPlatforms) = preSolution
		Debug|Any CPU = Debug|Any CPU
		Release|Any CPU = Release|Any CPU
	EndGlobalSection
	GlobalSection(ProjectConfigurationPlatforms) = postSolution
		{902E6C52-D5D0-4F66-95AC-84CA7DC5B80E}.Debug|Any CPU.ActiveCfg = Debug|Any CPU
		{902E6C52-D5D0-4F66-95AC-84CA7DC5B80E}.Debug|Any CPU.Build.0 = Debug|Any CPU
		{902E6C52-D5D0-4F66-95AC-84CA7DC5B80E}.Release|Any CPU.ActiveCfg = Release|Any CPU
		{902E6C52-D5D0-4F66-95AC-84CA7DC5B80E}.Release|Any CPU.Build.0 = Release|Any CPU
		{F76D6870-8364-4EE7-B6B1-953B7D07C63B}.Debug|Any CPU.ActiveCfg = Debug|Any CPU
		{F76D6870-8364-4EE7-B6B1-953B7D07C63B}.Debug|Any CPU.Build.0 = Debug|Any CPU
		{F76D6870-8364-4EE7-B6B1-953B7D07C63B}.Release|Any CPU.ActiveCfg = Release|Any CPU
		{F76D6870-8364-4EE7-B6B1-953B7D07C63B}.Release|Any CPU.Build.0 = Release|Any CPU
		{29415635-781F-416B-BEE7-C1444E7D28AC}.Debug|Any CPU.ActiveCfg = Debug|Any CPU
		{29415635-781F-416B-BEE7-C1444E7D28AC}.Debug|Any CPU.Build.0 = Debug|Any CPU
		{29415635-781F-416B-BEE7-C1444E7D28AC}.Release|Any CPU.ActiveCfg = Release|Any CPU
		{29415635-781F-416B-BEE7-C1444E7D28AC}.Release|Any CPU.Build.0 = Release|Any CPU
		{0E17E737-E4B5-4198-A784-D543187F15D0}.Debug|Any CPU.ActiveCfg = Debug|Any CPU
		{0E17E737-E4B5-4198-A784-D543187F15D0}.Debug|Any CPU.Build.0 = Debug|Any CPU
		{0E17E737-E4B5-4198-A784-D543187F15D0}.Release|Any CPU.ActiveCfg = Release|Any CPU
		{0E17E737-E4B5-4198-A784-D543187F15D0}.Release|Any CPU.Build.0 = Release|Any CPU
		{0E3FCC70-66BC-43DE-A498-A04085F1BF0C}.Debug|Any CPU.ActiveCfg = Debug|Any CPU
		{0E3FCC70-66BC-43DE-A498-A04085F1BF0C}.Debug|Any CPU.Build.0 = Debug|Any CPU
		{0E3FCC70-66BC-43DE-A498-A04085F1BF0C}.Release|Any CPU.ActiveCfg = Release|Any CPU
		{0E3FCC70-66BC-43DE-A498-A04085F1BF0C}.Release|Any CPU.Build.0 = Release|Any CPU
		{329E6E2B-FEB6-4FA9-A893-0435300A122D}.Debug|Any CPU.ActiveCfg = Debug|Any CPU
		{329E6E2B-FEB6-4FA9-A893-0435300A122D}.Debug|Any CPU.Build.0 = Debug|Any CPU
		{329E6E2B-FEB6-4FA9-A893-0435300A122D}.Release|Any CPU.ActiveCfg = Release|Any CPU
		{329E6E2B-FEB6-4FA9-A893-0435300A122D}.Release|Any CPU.Build.0 = Release|Any CPU
		{734C4AFA-41C3-49AE-A39F-51DD5FAAF462}.Debug|Any CPU.ActiveCfg = Debug|Any CPU
		{734C4AFA-41C3-49AE-A39F-51DD5FAAF462}.Debug|Any CPU.Build.0 = Debug|Any CPU
		{734C4AFA-41C3-49AE-A39F-51DD5FAAF462}.Release|Any CPU.ActiveCfg = Release|Any CPU
		{734C4AFA-41C3-49AE-A39F-51DD5FAAF462}.Release|Any CPU.Build.0 = Release|Any CPU
		{BCABE418-3B8E-47C0-BD63-41DD24B80FB3}.Debug|Any CPU.ActiveCfg = Debug|Any CPU
		{BCABE418-3B8E-47C0-BD63-41DD24B80FB3}.Debug|Any CPU.Build.0 = Debug|Any CPU
		{BCABE418-3B8E-47C0-BD63-41DD24B80FB3}.Release|Any CPU.ActiveCfg = Release|Any CPU
		{BCABE418-3B8E-47C0-BD63-41DD24B80FB3}.Release|Any CPU.Build.0 = Release|Any CPU
		{9B0F24AC-A664-40D0-AD7E-10856304DF19}.Debug|Any CPU.ActiveCfg = Debug|Any CPU
		{9B0F24AC-A664-40D0-AD7E-10856304DF19}.Debug|Any CPU.Build.0 = Debug|Any CPU
		{9B0F24AC-A664-40D0-AD7E-10856304DF19}.Release|Any CPU.ActiveCfg = Release|Any CPU
		{9B0F24AC-A664-40D0-AD7E-10856304DF19}.Release|Any CPU.Build.0 = Release|Any CPU
		{71AE7E2B-F26A-4200-985D-F669BB3292B7}.Debug|Any CPU.ActiveCfg = Debug|Any CPU
		{71AE7E2B-F26A-4200-985D-F669BB3292B7}.Debug|Any CPU.Build.0 = Debug|Any CPU
		{71AE7E2B-F26A-4200-985D-F669BB3292B7}.Release|Any CPU.ActiveCfg = Release|Any CPU
		{71AE7E2B-F26A-4200-985D-F669BB3292B7}.Release|Any CPU.Build.0 = Release|Any CPU
		{BBA20B5D-7319-453E-918E-46BBAA6E0E06}.Debug|Any CPU.ActiveCfg = Debug|Any CPU
		{BBA20B5D-7319-453E-918E-46BBAA6E0E06}.Debug|Any CPU.Build.0 = Debug|Any CPU
		{BBA20B5D-7319-453E-918E-46BBAA6E0E06}.Release|Any CPU.ActiveCfg = Release|Any CPU
		{BBA20B5D-7319-453E-918E-46BBAA6E0E06}.Release|Any CPU.Build.0 = Release|Any CPU
		{BF97B995-7AFF-40B4-B521-D873A37CD244}.Debug|Any CPU.ActiveCfg = Debug|Any CPU
		{BF97B995-7AFF-40B4-B521-D873A37CD244}.Debug|Any CPU.Build.0 = Debug|Any CPU
		{BF97B995-7AFF-40B4-B521-D873A37CD244}.Release|Any CPU.ActiveCfg = Release|Any CPU
		{BF97B995-7AFF-40B4-B521-D873A37CD244}.Release|Any CPU.Build.0 = Release|Any CPU
		{5298E545-1D83-4F9B-845B-81B57D488828}.Debug|Any CPU.ActiveCfg = Debug|Any CPU
		{5298E545-1D83-4F9B-845B-81B57D488828}.Debug|Any CPU.Build.0 = Debug|Any CPU
		{5298E545-1D83-4F9B-845B-81B57D488828}.Release|Any CPU.ActiveCfg = Release|Any CPU
		{5298E545-1D83-4F9B-845B-81B57D488828}.Release|Any CPU.Build.0 = Release|Any CPU
	EndGlobalSection
	GlobalSection(SolutionProperties) = preSolution
		HideSolutionNode = FALSE
	EndGlobalSection
	GlobalSection(NestedProjects) = preSolution
		{AD756171-B728-4FD3-9BC6-20C2E32141C6} = {EEE512D2-CB20-484F-8314-16300733942F}
		{0E3FCC70-66BC-43DE-A498-A04085F1BF0C} = {AAA28426-F20E-4797-9B0E-F8AA4EF1A7FC}
		{329E6E2B-FEB6-4FA9-A893-0435300A122D} = {AAA28426-F20E-4797-9B0E-F8AA4EF1A7FC}
		{9B0F24AC-A664-40D0-AD7E-10856304DF19} = {696BE582-5142-4E0E-970D-CC8508735F9B}
		{71AE7E2B-F26A-4200-985D-F669BB3292B7} = {696BE582-5142-4E0E-970D-CC8508735F9B}
		{BF97B995-7AFF-40B4-B521-D873A37CD244} = {696BE582-5142-4E0E-970D-CC8508735F9B}
		{5298E545-1D83-4F9B-845B-81B57D488828} = {696BE582-5142-4E0E-970D-CC8508735F9B}
	EndGlobalSection
	GlobalSection(ExtensibilityGlobals) = postSolution
		SolutionGuid = {9CE554FF-A10B-4F63-B480-ED9455F16873}
	EndGlobalSection
EndGlobal
