Microsoft Visual Studio Solution File, Format Version 12.00
# Visual Studio Version 16
VisualStudioVersion = 16.0.30001.183
MinimumVisualStudioVersion = 10.0.40219.1
Project("{9A19103F-16F7-4668-BE54-9A1E7A4F7556}") = "Thinktecture.Relay.Abstractions", "Thinktecture.Relay.Abstractions\Thinktecture.Relay.Abstractions.csproj", "{902E6C52-D5D0-4F66-95AC-84CA7DC5B80E}"
EndProject
Project("{2150E333-8FDC-42A3-9474-1A3956D46DE8}") = "root", "root", "{804D3383-EA22-4F44-B60F-E82D36FCF5F7}"
	ProjectSection(SolutionItems) = preProject
		..\.editorconfig = ..\.editorconfig
		..\CONTRIBUTING.md = ..\CONTRIBUTING.md
		..\global.json = ..\global.json
		..\LICENSE = ..\LICENSE
		..\README.md = ..\README.md
		..\.gitignore = ..\.gitignore
		Directory.Build.props = Directory.Build.props
	EndProjectSection
EndProject
Project("{9A19103F-16F7-4668-BE54-9A1E7A4F7556}") = "Thinktecture.Relay.Server.Abstractions", "Thinktecture.Relay.Server.Abstractions\Thinktecture.Relay.Server.Abstractions.csproj", "{F76D6870-8364-4EE7-B6B1-953B7D07C63B}"
EndProject
Project("{9A19103F-16F7-4668-BE54-9A1E7A4F7556}") = "Thinktecture.Relay.Connector.Abstractions", "Thinktecture.Relay.Connector.Abstractions\Thinktecture.Relay.Connector.Abstractions.csproj", "{29415635-781F-416B-BEE7-C1444E7D28AC}"
EndProject
Project("{2150E333-8FDC-42A3-9474-1A3956D46DE8}") = "docs", "docs", "{EEE512D2-CB20-484F-8314-16300733942F}"
	ProjectSection(SolutionItems) = preProject
		..\docs\glossary.md = ..\docs\glossary.md
		..\docs\concepts.md = ..\docs\concepts.md
		..\docs\deployment.md = ..\docs\deployment.md
	EndProjectSection
EndProject
Project("{2150E333-8FDC-42A3-9474-1A3956D46DE8}") = "assets", "assets", "{AD756171-B728-4FD3-9BC6-20C2E32141C6}"
	ProjectSection(SolutionItems) = preProject
		..\docs\assets\en-architecture-overview.png = ..\docs\assets\en-architecture-overview.png
		..\docs\assets\logo_sponsor_abraxas.png = ..\docs\assets\logo_sponsor_abraxas.png
		..\docs\assets\logo_sponsor_cmi.svg = ..\docs\assets\logo_sponsor_cmi.svg
		..\docs\assets\logo_sponsor_kwp.svg = ..\docs\assets\logo_sponsor_kwp.svg
	EndProjectSection
EndProject
Project("{9A19103F-16F7-4668-BE54-9A1E7A4F7556}") = "Thinktecture.Relay.Server.Persistence.EntityFrameworkCore", "Thinktecture.Relay.Server.Persistence.EntityFrameworkCore\Thinktecture.Relay.Server.Persistence.EntityFrameworkCore.csproj", "{0E17E737-E4B5-4198-A784-D543187F15D0}"
EndProject
Project("{9A19103F-16F7-4668-BE54-9A1E7A4F7556}") = "Thinktecture.Relay.Server", "Thinktecture.Relay.Server\Thinktecture.Relay.Server.csproj", "{DB91F41F-B977-4F2E-987B-38B4969EEF4F}"
EndProject
Project("{2150E333-8FDC-42A3-9474-1A3956D46DE8}") = "tools", "tools", "{AAA28426-F20E-4797-9B0E-F8AA4EF1A7FC}"
	ProjectSection(SolutionItems) = preProject
		tools\create-migrations.ps1 = tools\create-migrations.ps1
		tools\Directory.Build.props = tools\Directory.Build.props
	EndProjectSection
EndProject
Project("{9A19103F-16F7-4668-BE54-9A1E7A4F7556}") = "MigrationCreation.SqlServer", "tools\MigrationCreation.SqlServer\MigrationCreation.SqlServer.csproj", "{0E3FCC70-66BC-43DE-A498-A04085F1BF0C}"
EndProject
Project("{9A19103F-16F7-4668-BE54-9A1E7A4F7556}") = "MigrationCreation.PostgreSql", "tools\MigrationCreation.PostgreSql\MigrationCreation.PostgreSql.csproj", "{329E6E2B-FEB6-4FA9-A893-0435300A122D}"
EndProject
Project("{9A19103F-16F7-4668-BE54-9A1E7A4F7556}") = "Thinktecture.Relay.Server.Persistence.EntityFrameworkCore.PostgreSql", "Thinktecture.Relay.Server.Persistence.EntityFrameworkCore.PostgreSql\Thinktecture.Relay.Server.Persistence.EntityFrameworkCore.PostgreSql.csproj", "{734C4AFA-41C3-49AE-A39F-51DD5FAAF462}"
EndProject
Project("{9A19103F-16F7-4668-BE54-9A1E7A4F7556}") = "Thinktecture.Relay.Server.Persistence.EntityFrameworkCore.SqlServer", "Thinktecture.Relay.Server.Persistence.EntityFrameworkCore.SqlServer\Thinktecture.Relay.Server.Persistence.EntityFrameworkCore.SqlServer.csproj", "{BCABE418-3B8E-47C0-BD63-41DD24B80FB3}"
EndProject
Project("{9A19103F-16F7-4668-BE54-9A1E7A4F7556}") = "Thinktecture.Relay.IdentityServer", "Thinktecture.Relay.IdentityServer\Thinktecture.Relay.IdentityServer.csproj", "{BBA20B5D-7319-453E-918E-46BBAA6E0E06}"
EndProject
Project("{2150E333-8FDC-42A3-9474-1A3956D46DE8}") = "docker", "docker", "{3126FA1D-9755-4842-BDE0-34F7EADF9969}"
	ProjectSection(SolutionItems) = preProject
		docker\run-dependencies.ps1 = docker\run-dependencies.ps1
		docker\run-environment.ps1 = docker\run-environment.ps1
		docker\seed-data.ps1 = docker\seed-data.ps1
		docker\run-environment-multiserver.ps1 = docker\run-environment-multiserver.ps1
		build-docker-images.ps1 = build-docker-images.ps1
		docker\Directory.Build.props = docker\Directory.Build.props
	EndProjectSection
EndProject
Project("{9A19103F-16F7-4668-BE54-9A1E7A4F7556}") = "Thinktecture.Relay.Docker", "docker\Thinktecture.Relay.Docker\Thinktecture.Relay.Docker.csproj", "{599D7AD9-7901-4A20-A81F-6C71E60A71DF}"
EndProject
Project("{9A19103F-16F7-4668-BE54-9A1E7A4F7556}") = "Thinktecture.Relay.IdentityServer.Docker", "docker\Thinktecture.Relay.IdentityServer.Docker\Thinktecture.Relay.IdentityServer.Docker.csproj", "{A22125AE-D673-4B9C-908F-DE0270380DAE}"
EndProject
Project("{9A19103F-16F7-4668-BE54-9A1E7A4F7556}") = "Thinktecture.Relay.ManagementApi.Docker", "docker\Thinktecture.Relay.ManagementApi.Docker\Thinktecture.Relay.ManagementApi.Docker.csproj", "{D1866E02-8665-4166-8F6D-ECED1BAAEF7E}"
EndProject
Project("{9A19103F-16F7-4668-BE54-9A1E7A4F7556}") = "Thinktecture.Relay.Server.Docker", "docker\Thinktecture.Relay.Server.Docker\Thinktecture.Relay.Server.Docker.csproj", "{29B6CBFA-43A8-447E-90AB-6B22CD0EA413}"
EndProject
Project("{9A19103F-16F7-4668-BE54-9A1E7A4F7556}") = "Thinktecture.Relay.StatisticsApi.Docker", "docker\Thinktecture.Relay.StatisticsApi.Docker\Thinktecture.Relay.StatisticsApi.Docker.csproj", "{055B9A9E-9A45-4100-BA64-378443F6AB73}"
EndProject
Project("{9A19103F-16F7-4668-BE54-9A1E7A4F7556}") = "Thinktecture.Relay.Connector", "Thinktecture.Relay.Connector\Thinktecture.Relay.Connector.csproj", "{FF37E5FF-65D3-4EFD-B87F-8D456075402E}"
EndProject
Project("{9A19103F-16F7-4668-BE54-9A1E7A4F7556}") = "Thinktecture.Relay.Server.Protocols.SignalR", "Thinktecture.Relay.Server.Protocols.SignalR\Thinktecture.Relay.Server.Protocols.SignalR.csproj", "{1878FC63-129B-405E-B63B-386AB7CF0590}"
EndProject
Project("{9A19103F-16F7-4668-BE54-9A1E7A4F7556}") = "Thinktecture.Relay.Server.Protocols.RabbitMq", "Thinktecture.Relay.Server.Protocols.RabbitMq\Thinktecture.Relay.Server.Protocols.RabbitMq.csproj", "{C3E57FA8-379B-4F7C-A76A-5EB51A37B792}"
EndProject
Project("{9A19103F-16F7-4668-BE54-9A1E7A4F7556}") = "Thinktecture.Relay.Connector.Docker", "docker\Thinktecture.Relay.Connector.Docker\Thinktecture.Relay.Connector.Docker.csproj", "{4884F96C-5129-424F-9DDB-8DD91229D4B3}"
EndProject
Project("{FAE04EC0-301F-11D3-BF4B-00C04F79EFBC}") = "Thinktecture.Relay.Connector.Protocols.SignalR", "Thinktecture.Relay.Connector.Protocols.SignalR\Thinktecture.Relay.Connector.Protocols.SignalR.csproj", "{84437CA2-F563-4D08-A1CF-A07ECB154884}"
EndProject
Project("{2150E333-8FDC-42A3-9474-1A3956D46DE8}") = "server", "server", "{D8D76BB9-1D64-43C5-9B7E-710CF4A35374}"
EndProject
Project("{2150E333-8FDC-42A3-9474-1A3956D46DE8}") = "connector", "connector", "{EACF91C8-8B43-4E87-8859-4902B3CC7F63}"
EndProject
Project("{FAE04EC0-301F-11D3-BF4B-00C04F79EFBC}") = "Thinktecture.Relay.Interceptors", "Thinktecture.Relay.Interceptors\Thinktecture.Relay.Interceptors.csproj", "{CD190E32-1B0F-48D4-BFF1-43BD388A7C4A}"
EndProject
Global
	GlobalSection(SolutionConfigurationPlatforms) = preSolution
		Debug|Any CPU = Debug|Any CPU
		Release|Any CPU = Release|Any CPU
	EndGlobalSection
	GlobalSection(ProjectConfigurationPlatforms) = postSolution
		{902E6C52-D5D0-4F66-95AC-84CA7DC5B80E}.Debug|Any CPU.ActiveCfg = Debug|Any CPU
		{902E6C52-D5D0-4F66-95AC-84CA7DC5B80E}.Debug|Any CPU.Build.0 = Debug|Any CPU
		{902E6C52-D5D0-4F66-95AC-84CA7DC5B80E}.Release|Any CPU.ActiveCfg = Release|Any CPU
		{902E6C52-D5D0-4F66-95AC-84CA7DC5B80E}.Release|Any CPU.Build.0 = Release|Any CPU
		{F76D6870-8364-4EE7-B6B1-953B7D07C63B}.Debug|Any CPU.ActiveCfg = Debug|Any CPU
		{F76D6870-8364-4EE7-B6B1-953B7D07C63B}.Debug|Any CPU.Build.0 = Debug|Any CPU
		{F76D6870-8364-4EE7-B6B1-953B7D07C63B}.Release|Any CPU.ActiveCfg = Release|Any CPU
		{F76D6870-8364-4EE7-B6B1-953B7D07C63B}.Release|Any CPU.Build.0 = Release|Any CPU
		{29415635-781F-416B-BEE7-C1444E7D28AC}.Debug|Any CPU.ActiveCfg = Debug|Any CPU
		{29415635-781F-416B-BEE7-C1444E7D28AC}.Debug|Any CPU.Build.0 = Debug|Any CPU
		{29415635-781F-416B-BEE7-C1444E7D28AC}.Release|Any CPU.ActiveCfg = Release|Any CPU
		{29415635-781F-416B-BEE7-C1444E7D28AC}.Release|Any CPU.Build.0 = Release|Any CPU
		{0E17E737-E4B5-4198-A784-D543187F15D0}.Debug|Any CPU.ActiveCfg = Debug|Any CPU
		{0E17E737-E4B5-4198-A784-D543187F15D0}.Debug|Any CPU.Build.0 = Debug|Any CPU
		{0E17E737-E4B5-4198-A784-D543187F15D0}.Release|Any CPU.ActiveCfg = Release|Any CPU
		{0E17E737-E4B5-4198-A784-D543187F15D0}.Release|Any CPU.Build.0 = Release|Any CPU
		{DB91F41F-B977-4F2E-987B-38B4969EEF4F}.Debug|Any CPU.ActiveCfg = Debug|Any CPU
		{DB91F41F-B977-4F2E-987B-38B4969EEF4F}.Debug|Any CPU.Build.0 = Debug|Any CPU
		{DB91F41F-B977-4F2E-987B-38B4969EEF4F}.Release|Any CPU.ActiveCfg = Release|Any CPU
		{DB91F41F-B977-4F2E-987B-38B4969EEF4F}.Release|Any CPU.Build.0 = Release|Any CPU
		{0E3FCC70-66BC-43DE-A498-A04085F1BF0C}.Debug|Any CPU.ActiveCfg = Debug|Any CPU
		{0E3FCC70-66BC-43DE-A498-A04085F1BF0C}.Debug|Any CPU.Build.0 = Debug|Any CPU
		{0E3FCC70-66BC-43DE-A498-A04085F1BF0C}.Release|Any CPU.ActiveCfg = Release|Any CPU
		{0E3FCC70-66BC-43DE-A498-A04085F1BF0C}.Release|Any CPU.Build.0 = Release|Any CPU
		{329E6E2B-FEB6-4FA9-A893-0435300A122D}.Debug|Any CPU.ActiveCfg = Debug|Any CPU
		{329E6E2B-FEB6-4FA9-A893-0435300A122D}.Debug|Any CPU.Build.0 = Debug|Any CPU
		{329E6E2B-FEB6-4FA9-A893-0435300A122D}.Release|Any CPU.ActiveCfg = Release|Any CPU
		{329E6E2B-FEB6-4FA9-A893-0435300A122D}.Release|Any CPU.Build.0 = Release|Any CPU
		{734C4AFA-41C3-49AE-A39F-51DD5FAAF462}.Debug|Any CPU.ActiveCfg = Debug|Any CPU
		{734C4AFA-41C3-49AE-A39F-51DD5FAAF462}.Debug|Any CPU.Build.0 = Debug|Any CPU
		{734C4AFA-41C3-49AE-A39F-51DD5FAAF462}.Release|Any CPU.ActiveCfg = Release|Any CPU
		{734C4AFA-41C3-49AE-A39F-51DD5FAAF462}.Release|Any CPU.Build.0 = Release|Any CPU
		{BCABE418-3B8E-47C0-BD63-41DD24B80FB3}.Debug|Any CPU.ActiveCfg = Debug|Any CPU
		{BCABE418-3B8E-47C0-BD63-41DD24B80FB3}.Debug|Any CPU.Build.0 = Debug|Any CPU
		{BCABE418-3B8E-47C0-BD63-41DD24B80FB3}.Release|Any CPU.ActiveCfg = Release|Any CPU
		{BCABE418-3B8E-47C0-BD63-41DD24B80FB3}.Release|Any CPU.Build.0 = Release|Any CPU
		{BBA20B5D-7319-453E-918E-46BBAA6E0E06}.Debug|Any CPU.ActiveCfg = Debug|Any CPU
		{BBA20B5D-7319-453E-918E-46BBAA6E0E06}.Debug|Any CPU.Build.0 = Debug|Any CPU
		{BBA20B5D-7319-453E-918E-46BBAA6E0E06}.Release|Any CPU.ActiveCfg = Release|Any CPU
		{BBA20B5D-7319-453E-918E-46BBAA6E0E06}.Release|Any CPU.Build.0 = Release|Any CPU
		{599D7AD9-7901-4A20-A81F-6C71E60A71DF}.Debug|Any CPU.ActiveCfg = Debug|Any CPU
		{599D7AD9-7901-4A20-A81F-6C71E60A71DF}.Debug|Any CPU.Build.0 = Debug|Any CPU
		{599D7AD9-7901-4A20-A81F-6C71E60A71DF}.Release|Any CPU.ActiveCfg = Release|Any CPU
		{599D7AD9-7901-4A20-A81F-6C71E60A71DF}.Release|Any CPU.Build.0 = Release|Any CPU
		{A22125AE-D673-4B9C-908F-DE0270380DAE}.Debug|Any CPU.ActiveCfg = Debug|Any CPU
		{A22125AE-D673-4B9C-908F-DE0270380DAE}.Debug|Any CPU.Build.0 = Debug|Any CPU
		{A22125AE-D673-4B9C-908F-DE0270380DAE}.Release|Any CPU.ActiveCfg = Release|Any CPU
		{A22125AE-D673-4B9C-908F-DE0270380DAE}.Release|Any CPU.Build.0 = Release|Any CPU
		{D1866E02-8665-4166-8F6D-ECED1BAAEF7E}.Debug|Any CPU.ActiveCfg = Debug|Any CPU
		{D1866E02-8665-4166-8F6D-ECED1BAAEF7E}.Debug|Any CPU.Build.0 = Debug|Any CPU
		{D1866E02-8665-4166-8F6D-ECED1BAAEF7E}.Release|Any CPU.ActiveCfg = Release|Any CPU
		{D1866E02-8665-4166-8F6D-ECED1BAAEF7E}.Release|Any CPU.Build.0 = Release|Any CPU
		{29B6CBFA-43A8-447E-90AB-6B22CD0EA413}.Debug|Any CPU.ActiveCfg = Debug|Any CPU
		{29B6CBFA-43A8-447E-90AB-6B22CD0EA413}.Debug|Any CPU.Build.0 = Debug|Any CPU
		{29B6CBFA-43A8-447E-90AB-6B22CD0EA413}.Release|Any CPU.ActiveCfg = Release|Any CPU
		{29B6CBFA-43A8-447E-90AB-6B22CD0EA413}.Release|Any CPU.Build.0 = Release|Any CPU
		{055B9A9E-9A45-4100-BA64-378443F6AB73}.Debug|Any CPU.ActiveCfg = Debug|Any CPU
		{055B9A9E-9A45-4100-BA64-378443F6AB73}.Debug|Any CPU.Build.0 = Debug|Any CPU
		{055B9A9E-9A45-4100-BA64-378443F6AB73}.Release|Any CPU.ActiveCfg = Release|Any CPU
		{055B9A9E-9A45-4100-BA64-378443F6AB73}.Release|Any CPU.Build.0 = Release|Any CPU
		{FF37E5FF-65D3-4EFD-B87F-8D456075402E}.Debug|Any CPU.ActiveCfg = Debug|Any CPU
		{FF37E5FF-65D3-4EFD-B87F-8D456075402E}.Debug|Any CPU.Build.0 = Debug|Any CPU
		{FF37E5FF-65D3-4EFD-B87F-8D456075402E}.Release|Any CPU.ActiveCfg = Release|Any CPU
		{FF37E5FF-65D3-4EFD-B87F-8D456075402E}.Release|Any CPU.Build.0 = Release|Any CPU
		{1878FC63-129B-405E-B63B-386AB7CF0590}.Debug|Any CPU.ActiveCfg = Debug|Any CPU
		{1878FC63-129B-405E-B63B-386AB7CF0590}.Debug|Any CPU.Build.0 = Debug|Any CPU
		{1878FC63-129B-405E-B63B-386AB7CF0590}.Release|Any CPU.ActiveCfg = Release|Any CPU
		{1878FC63-129B-405E-B63B-386AB7CF0590}.Release|Any CPU.Build.0 = Release|Any CPU
		{C3E57FA8-379B-4F7C-A76A-5EB51A37B792}.Debug|Any CPU.ActiveCfg = Debug|Any CPU
		{C3E57FA8-379B-4F7C-A76A-5EB51A37B792}.Debug|Any CPU.Build.0 = Debug|Any CPU
		{C3E57FA8-379B-4F7C-A76A-5EB51A37B792}.Release|Any CPU.ActiveCfg = Release|Any CPU
		{C3E57FA8-379B-4F7C-A76A-5EB51A37B792}.Release|Any CPU.Build.0 = Release|Any CPU
		{4884F96C-5129-424F-9DDB-8DD91229D4B3}.Debug|Any CPU.ActiveCfg = Debug|Any CPU
		{4884F96C-5129-424F-9DDB-8DD91229D4B3}.Debug|Any CPU.Build.0 = Debug|Any CPU
		{4884F96C-5129-424F-9DDB-8DD91229D4B3}.Release|Any CPU.ActiveCfg = Release|Any CPU
		{4884F96C-5129-424F-9DDB-8DD91229D4B3}.Release|Any CPU.Build.0 = Release|Any CPU
		{84437CA2-F563-4D08-A1CF-A07ECB154884}.Debug|Any CPU.ActiveCfg = Debug|Any CPU
		{84437CA2-F563-4D08-A1CF-A07ECB154884}.Debug|Any CPU.Build.0 = Debug|Any CPU
		{84437CA2-F563-4D08-A1CF-A07ECB154884}.Release|Any CPU.ActiveCfg = Release|Any CPU
		{84437CA2-F563-4D08-A1CF-A07ECB154884}.Release|Any CPU.Build.0 = Release|Any CPU
		{CD190E32-1B0F-48D4-BFF1-43BD388A7C4A}.Debug|Any CPU.ActiveCfg = Debug|Any CPU
		{CD190E32-1B0F-48D4-BFF1-43BD388A7C4A}.Debug|Any CPU.Build.0 = Debug|Any CPU
		{CD190E32-1B0F-48D4-BFF1-43BD388A7C4A}.Release|Any CPU.ActiveCfg = Release|Any CPU
		{CD190E32-1B0F-48D4-BFF1-43BD388A7C4A}.Release|Any CPU.Build.0 = Release|Any CPU
	EndGlobalSection
	GlobalSection(SolutionProperties) = preSolution
		HideSolutionNode = FALSE
	EndGlobalSection
	GlobalSection(NestedProjects) = preSolution
		{AD756171-B728-4FD3-9BC6-20C2E32141C6} = {EEE512D2-CB20-484F-8314-16300733942F}
		{0E3FCC70-66BC-43DE-A498-A04085F1BF0C} = {AAA28426-F20E-4797-9B0E-F8AA4EF1A7FC}
		{329E6E2B-FEB6-4FA9-A893-0435300A122D} = {AAA28426-F20E-4797-9B0E-F8AA4EF1A7FC}
		{599D7AD9-7901-4A20-A81F-6C71E60A71DF} = {3126FA1D-9755-4842-BDE0-34F7EADF9969}
		{A22125AE-D673-4B9C-908F-DE0270380DAE} = {3126FA1D-9755-4842-BDE0-34F7EADF9969}
		{D1866E02-8665-4166-8F6D-ECED1BAAEF7E} = {3126FA1D-9755-4842-BDE0-34F7EADF9969}
		{29B6CBFA-43A8-447E-90AB-6B22CD0EA413} = {3126FA1D-9755-4842-BDE0-34F7EADF9969}
		{055B9A9E-9A45-4100-BA64-378443F6AB73} = {3126FA1D-9755-4842-BDE0-34F7EADF9969}
		{4884F96C-5129-424F-9DDB-8DD91229D4B3} = {3126FA1D-9755-4842-BDE0-34F7EADF9969}
		{0E17E737-E4B5-4198-A784-D543187F15D0} = {D8D76BB9-1D64-43C5-9B7E-710CF4A35374}
		{1878FC63-129B-405E-B63B-386AB7CF0590} = {D8D76BB9-1D64-43C5-9B7E-710CF4A35374}
		{734C4AFA-41C3-49AE-A39F-51DD5FAAF462} = {D8D76BB9-1D64-43C5-9B7E-710CF4A35374}
		{C3E57FA8-379B-4F7C-A76A-5EB51A37B792} = {D8D76BB9-1D64-43C5-9B7E-710CF4A35374}
		{BCABE418-3B8E-47C0-BD63-41DD24B80FB3} = {D8D76BB9-1D64-43C5-9B7E-710CF4A35374}
		{DB91F41F-B977-4F2E-987B-38B4969EEF4F} = {D8D76BB9-1D64-43C5-9B7E-710CF4A35374}
		{F76D6870-8364-4EE7-B6B1-953B7D07C63B} = {D8D76BB9-1D64-43C5-9B7E-710CF4A35374}
		{FF37E5FF-65D3-4EFD-B87F-8D456075402E} = {EACF91C8-8B43-4E87-8859-4902B3CC7F63}
		{29415635-781F-416B-BEE7-C1444E7D28AC} = {EACF91C8-8B43-4E87-8859-4902B3CC7F63}
		{84437CA2-F563-4D08-A1CF-A07ECB154884} = {EACF91C8-8B43-4E87-8859-4902B3CC7F63}
		{CD190E32-1B0F-48D4-BFF1-43BD388A7C4A} = {D8D76BB9-1D64-43C5-9B7E-710CF4A35374}
	EndGlobalSection
	GlobalSection(ExtensibilityGlobals) = postSolution
		SolutionGuid = {9CE554FF-A10B-4F63-B480-ED9455F16873}
	EndGlobalSection
EndGlobal
